
Microsoft Visual Studio Solution File, Format Version 12.00
# Visual Studio Version 17
VisualStudioVersion = 17.7.34031.279
MinimumVisualStudioVersion = 10.0.40219.1
Project("{9A19103F-16F7-4668-BE54-9A1E7A4F7556}") = "api", "src\api\api.csproj", "{19CC4595-EE99-45BF-A53B-D211E8CB8ED4}"
EndProject
Project("{9A19103F-16F7-4668-BE54-9A1E7A4F7556}") = "core", "src\core\core.csproj", "{578ED299-8073-4439-92CB-DBF4133C3833}"
EndProject
Project("{9A19103F-16F7-4668-BE54-9A1E7A4F7556}") = "ui_main", "src\ui_main\ui_main.csproj", "{0C0692BE-0B55-4DFD-B2B4-6DCC6C7BF3AC}"
EndProject
Project("{9A19103F-16F7-4668-BE54-9A1E7A4F7556}") = "ui_Forms", "src\ui_Forms\ui_Forms.csproj", "{FCCBF56E-3B68-4864-9584-37F1A99A08FC}"
EndProject
Project("{9A19103F-16F7-4668-BE54-9A1E7A4F7556}") = "APITest1", "..\..\..\..\Desktop\APITest1\APITest1.csproj", "{46129D57-2E0B-4240-8E38-3D86BF8C3D60}"
EndProject
Global
	GlobalSection(SolutionConfigurationPlatforms) = preSolution
		Debug|Any CPU = Debug|Any CPU
		Release|Any CPU = Release|Any CPU
	EndGlobalSection
	GlobalSection(ProjectConfigurationPlatforms) = postSolution
		{19CC4595-EE99-45BF-A53B-D211E8CB8ED4}.Debug|Any CPU.ActiveCfg = Debug|Any CPU
		{19CC4595-EE99-45BF-A53B-D211E8CB8ED4}.Debug|Any CPU.Build.0 = Debug|Any CPU
		{19CC4595-EE99-45BF-A53B-D211E8CB8ED4}.Release|Any CPU.ActiveCfg = Release|Any CPU
		{19CC4595-EE99-45BF-A53B-D211E8CB8ED4}.Release|Any CPU.Build.0 = Release|Any CPU
		{578ED299-8073-4439-92CB-DBF4133C3833}.Debug|Any CPU.ActiveCfg = Debug|Any CPU
		{578ED299-8073-4439-92CB-DBF4133C3833}.Debug|Any CPU.Build.0 = Debug|Any CPU
		{578ED299-8073-4439-92CB-DBF4133C3833}.Release|Any CPU.ActiveCfg = Release|Any CPU
		{578ED299-8073-4439-92CB-DBF4133C3833}.Release|Any CPU.Build.0 = Release|Any CPU
		{0C0692BE-0B55-4DFD-B2B4-6DCC6C7BF3AC}.Debug|Any CPU.ActiveCfg = Debug|Any CPU
		{0C0692BE-0B55-4DFD-B2B4-6DCC6C7BF3AC}.Debug|Any CPU.Build.0 = Debug|Any CPU
		{0C0692BE-0B55-4DFD-B2B4-6DCC6C7BF3AC}.Debug|Any CPU.Deploy.0 = Debug|Any CPU
		{0C0692BE-0B55-4DFD-B2B4-6DCC6C7BF3AC}.Release|Any CPU.ActiveCfg = Release|Any CPU
		{0C0692BE-0B55-4DFD-B2B4-6DCC6C7BF3AC}.Release|Any CPU.Build.0 = Release|Any CPU
		{0C0692BE-0B55-4DFD-B2B4-6DCC6C7BF3AC}.Release|Any CPU.Deploy.0 = Release|Any CPU
		{FCCBF56E-3B68-4864-9584-37F1A99A08FC}.Debug|Any CPU.ActiveCfg = Debug|Any CPU
		{FCCBF56E-3B68-4864-9584-37F1A99A08FC}.Debug|Any CPU.Build.0 = Debug|Any CPU
		{FCCBF56E-3B68-4864-9584-37F1A99A08FC}.Release|Any CPU.ActiveCfg = Release|Any CPU
		{FCCBF56E-3B68-4864-9584-37F1A99A08FC}.Release|Any CPU.Build.0 = Release|Any CPU
		{46129D57-2E0B-4240-8E38-3D86BF8C3D60}.Debug|Any CPU.ActiveCfg = Debug|Any CPU
		{46129D57-2E0B-4240-8E38-3D86BF8C3D60}.Debug|Any CPU.Build.0 = Debug|Any CPU
		{46129D57-2E0B-4240-8E38-3D86BF8C3D60}.Release|Any CPU.ActiveCfg = Release|Any CPU
		{46129D57-2E0B-4240-8E38-3D86BF8C3D60}.Release|Any CPU.Build.0 = Release|Any CPU
	EndGlobalSection
	GlobalSection(SolutionProperties) = preSolution
		HideSolutionNode = FALSE
	EndGlobalSection
	GlobalSection(ExtensibilityGlobals) = postSolution
		SolutionGuid = {4E094A0D-9B1F-4C52-A413-6E423468BF72}
	EndGlobalSection
EndGlobal
